// !$*UTF8*$!
{
	archiveVersion = 1;
	classes = {
	};
	objectVersion = 56;
	objects = {

/* Begin PBXBuildFile section */
		1918C0BB2996AAA500074098 /* AppDelegate.swift in Sources */ = {isa = PBXBuildFile; fileRef = 1918C0BA2996AAA500074098 /* AppDelegate.swift */; };
		1918C0BD2996AAA500074098 /* SceneDelegate.swift in Sources */ = {isa = PBXBuildFile; fileRef = 1918C0BC2996AAA500074098 /* SceneDelegate.swift */; };
		1918C0BF2996AAA500074098 /* ViewController.swift in Sources */ = {isa = PBXBuildFile; fileRef = 1918C0BE2996AAA500074098 /* ViewController.swift */; };
		1918C0C22996AAA500074098 /* Main.storyboard in Resources */ = {isa = PBXBuildFile; fileRef = 1918C0C02996AAA500074098 /* Main.storyboard */; };
		1918C0C42996AAA500074098 /* Assets.xcassets in Resources */ = {isa = PBXBuildFile; fileRef = 1918C0C32996AAA500074098 /* Assets.xcassets */; };
		1918C0C72996AAA500074098 /* LaunchScreen.storyboard in Resources */ = {isa = PBXBuildFile; fileRef = 1918C0C52996AAA500074098 /* LaunchScreen.storyboard */; };
		1918C0D22996ABA400074098 /* iDonateAlert in Frameworks */ = {isa = PBXBuildFile; productRef = 1918C0D12996ABA400074098 /* iDonateAlert */; };
/* End PBXBuildFile section */

/* Begin PBXFileReference section */
		1918C0B72996AAA500074098 /* iDonateAlertSample.app */ = {isa = PBXFileReference; explicitFileType = wrapper.application; includeInIndex = 0; path = iDonateAlertSample.app; sourceTree = BUILT_PRODUCTS_DIR; };
		1918C0BA2996AAA500074098 /* AppDelegate.swift */ = {isa = PBXFileReference; lastKnownFileType = sourcecode.swift; path = AppDelegate.swift; sourceTree = "<group>"; };
		1918C0BC2996AAA500074098 /* SceneDelegate.swift */ = {isa = PBXFileReference; lastKnownFileType = sourcecode.swift; path = SceneDelegate.swift; sourceTree = "<group>"; };
		1918C0BE2996AAA500074098 /* ViewController.swift */ = {isa = PBXFileReference; lastKnownFileType = sourcecode.swift; path = ViewController.swift; sourceTree = "<group>"; };
		1918C0C12996AAA500074098 /* Base */ = {isa = PBXFileReference; lastKnownFileType = file.storyboard; name = Base; path = Base.lproj/Main.storyboard; sourceTree = "<group>"; };
		1918C0C32996AAA500074098 /* Assets.xcassets */ = {isa = PBXFileReference; lastKnownFileType = folder.assetcatalog; path = Assets.xcassets; sourceTree = "<group>"; };
		1918C0C62996AAA500074098 /* Base */ = {isa = PBXFileReference; lastKnownFileType = file.storyboard; name = Base; path = Base.lproj/LaunchScreen.storyboard; sourceTree = "<group>"; };
		1918C0C82996AAA500074098 /* Info.plist */ = {isa = PBXFileReference; lastKnownFileType = text.plist.xml; path = Info.plist; sourceTree = "<group>"; };
		19859C8B2996B0D60001A0E2 /*  */ = {isa = PBXFileReference; lastKnownFileType = wrapper; name = ""; sourceTree = "<group>"; };
/* End PBXFileReference section */

/* Begin PBXFrameworksBuildPhase section */
		1918C0B42996AAA500074098 /* Frameworks */ = {
			isa = PBXFrameworksBuildPhase;
			buildActionMask = 2147483647;
			files = (
				1918C0D22996ABA400074098 /* iDonateAlert in Frameworks */,
			);
			runOnlyForDeploymentPostprocessing = 0;
		};
/* End PBXFrameworksBuildPhase section */

/* Begin PBXGroup section */
		1918C0AE2996AAA500074098 = {
			isa = PBXGroup;
			children = (
				19859C8B2996B0D60001A0E2 /*  */,
				1918C0B92996AAA500074098 /* iDonateAlertSample */,
				1918C0B82996AAA500074098 /* Products */,
				1918C0D02996ABA400074098 /* Frameworks */,
			);
			sourceTree = "<group>";
		};
		1918C0B82996AAA500074098 /* Products */ = {
			isa = PBXGroup;
			children = (
				1918C0B72996AAA500074098 /* iDonateAlertSample.app */,
			);
			name = Products;
			sourceTree = "<group>";
		};
		1918C0B92996AAA500074098 /* iDonateAlertSample */ = {
			isa = PBXGroup;
			children = (
				1918C0BA2996AAA500074098 /* AppDelegate.swift */,
				1918C0BC2996AAA500074098 /* SceneDelegate.swift */,
				1918C0BE2996AAA500074098 /* ViewController.swift */,
				1918C0C02996AAA500074098 /* Main.storyboard */,
				1918C0C32996AAA500074098 /* Assets.xcassets */,
				1918C0C52996AAA500074098 /* LaunchScreen.storyboard */,
				1918C0C82996AAA500074098 /* Info.plist */,
			);
			path = iDonateAlertSample;
			sourceTree = "<group>";
		};
		1918C0D02996ABA400074098 /* Frameworks */ = {
			isa = PBXGroup;
			children = (
			);
			name = Frameworks;
			sourceTree = "<group>";
		};
/* End PBXGroup section */

/* Begin PBXNativeTarget section */
		1918C0B62996AAA500074098 /* iDonateAlertSample */ = {
			isa = PBXNativeTarget;
			buildConfigurationList = 1918C0CB2996AAA500074098 /* Build configuration list for PBXNativeTarget "iDonateAlertSample" */;
			buildPhases = (
				1918C0B32996AAA500074098 /* Sources */,
				1918C0B42996AAA500074098 /* Frameworks */,
				1918C0B52996AAA500074098 /* Resources */,
			);
			buildRules = (
			);
			dependencies = (
			);
			name = iDonateAlertSample;
			packageProductDependencies = (
				1918C0D12996ABA400074098 /* iDonateAlert */,
			);
			productName = iDonateAlertSample;
			productReference = 1918C0B72996AAA500074098 /* iDonateAlertSample.app */;
			productType = "com.apple.product-type.application";
		};
/* End PBXNativeTarget section */

/* Begin PBXProject section */
		1918C0AF2996AAA500074098 /* Project object */ = {
			isa = PBXProject;
			attributes = {
				BuildIndependentTargetsInParallel = 1;
				LastSwiftUpdateCheck = 1420;
				LastUpgradeCheck = 1420;
				TargetAttributes = {
					1918C0B62996AAA500074098 = {
						CreatedOnToolsVersion = 14.2;
					};
				};
			};
			buildConfigurationList = 1918C0B22996AAA500074098 /* Build configuration list for PBXProject "iDonateAlertSample" */;
			compatibilityVersion = "Xcode 14.0";
			developmentRegion = en;
			hasScannedForEncodings = 0;
			knownRegions = (
				en,
				Base,
			);
			mainGroup = 1918C0AE2996AAA500074098;
			productRefGroup = 1918C0B82996AAA500074098 /* Products */;
			projectDirPath = "";
			projectRoot = "";
			targets = (
				1918C0B62996AAA500074098 /* iDonateAlertSample */,
			);
		};
/* End PBXProject section */

/* Begin PBXResourcesBuildPhase section */
		1918C0B52996AAA500074098 /* Resources */ = {
			isa = PBXResourcesBuildPhase;
			buildActionMask = 2147483647;
			files = (
				1918C0C72996AAA500074098 /* LaunchScreen.storyboard in Resources */,
				1918C0C42996AAA500074098 /* Assets.xcassets in Resources */,
				1918C0C22996AAA500074098 /* Main.storyboard in Resources */,
			);
			runOnlyForDeploymentPostprocessing = 0;
		};
/* End PBXResourcesBuildPhase section */

/* Begin PBXSourcesBuildPhase section */
		1918C0B32996AAA500074098 /* Sources */ = {
			isa = PBXSourcesBuildPhase;
			buildActionMask = 2147483647;
			files = (
				1918C0BF2996AAA500074098 /* ViewController.swift in Sources */,
				1918C0BB2996AAA500074098 /* AppDelegate.swift in Sources */,
				1918C0BD2996AAA500074098 /* SceneDelegate.swift in Sources */,
			);
			runOnlyForDeploymentPostprocessing = 0;
		};
/* End PBXSourcesBuildPhase section */

/* Begin PBXVariantGroup section */
		1918C0C02996AAA500074098 /* Main.storyboard */ = {
			isa = PBXVariantGroup;
			children = (
				1918C0C12996AAA500074098 /* Base */,
			);
			name = Main.storyboard;
			sourceTree = "<group>";
		};
		1918C0C52996AAA500074098 /* LaunchScreen.storyboard */ = {
			isa = PBXVariantGroup;
			children = (
				1918C0C62996AAA500074098 /* Base */,
			);
			name = LaunchScreen.storyboard;
			sourceTree = "<group>";
		};
/* End PBXVariantGroup section */

/* Begin XCBuildConfiguration section */
		1918C0C92996AAA500074098 /* Debug */ = {
			isa = XCBuildConfiguration;
			buildSettings = {
				ALWAYS_SEARCH_USER_PATHS = NO;
				CLANG_ANALYZER_NONNULL = YES;
				CLANG_ANALYZER_NUMBER_OBJECT_CONVERSION = YES_AGGRESSIVE;
				CLANG_CXX_LANGUAGE_STANDARD = "gnu++20";
				CLANG_ENABLE_MODULES = YES;
				CLANG_ENABLE_OBJC_ARC = YES;
				CLANG_ENABLE_OBJC_WEAK = YES;
				CLANG_WARN_BLOCK_CAPTURE_AUTORELEASING = YES;
				CLANG_WARN_BOOL_CONVERSION = YES;
				CLANG_WARN_COMMA = YES;
				CLANG_WARN_CONSTANT_CONVERSION = YES;
				CLANG_WARN_DEPRECATED_OBJC_IMPLEMENTATIONS = YES;
				CLANG_WARN_DIRECT_OBJC_ISA_USAGE = YES_ERROR;
				CLANG_WARN_DOCUMENTATION_COMMENTS = YES;
				CLANG_WARN_EMPTY_BODY = YES;
				CLANG_WARN_ENUM_CONVERSION = YES;
				CLANG_WARN_INFINITE_RECURSION = YES;
				CLANG_WARN_INT_CONVERSION = YES;
				CLANG_WARN_NON_LITERAL_NULL_CONVERSION = YES;
				CLANG_WARN_OBJC_IMPLICIT_RETAIN_SELF = YES;
				CLANG_WARN_OBJC_LITERAL_CONVERSION = YES;
				CLANG_WARN_OBJC_ROOT_CLASS = YES_ERROR;
				CLANG_WARN_QUOTED_INCLUDE_IN_FRAMEWORK_HEADER = YES;
				CLANG_WARN_RANGE_LOOP_ANALYSIS = YES;
				CLANG_WARN_STRICT_PROTOTYPES = YES;
				CLANG_WARN_SUSPICIOUS_MOVE = YES;
				CLANG_WARN_UNGUARDED_AVAILABILITY = YES_AGGRESSIVE;
				CLANG_WARN_UNREACHABLE_CODE = YES;
				CLANG_WARN__DUPLICATE_METHOD_MATCH = YES;
				COPY_PHASE_STRIP = NO;
				DEBUG_INFORMATION_FORMAT = dwarf;
				ENABLE_STRICT_OBJC_MSGSEND = YES;
				ENABLE_TESTABILITY = YES;
				GCC_C_LANGUAGE_STANDARD = gnu11;
				GCC_DYNAMIC_NO_PIC = NO;
				GCC_NO_COMMON_BLOCKS = YES;
				GCC_OPTIMIZATION_LEVEL = 0;
				GCC_PREPROCESSOR_DEFINITIONS = (
					"DEBUG=1",
					"$(inherited)",
				);
				GCC_WARN_64_TO_32_BIT_CONVERSION = YES;
				GCC_WARN_ABOUT_RETURN_TYPE = YES_ERROR;
				GCC_WARN_UNDECLARED_SELECTOR = YES;
				GCC_WARN_UNINITIALIZED_AUTOS = YES_AGGRESSIVE;
				GCC_WARN_UNUSED_FUNCTION = YES;
				GCC_WARN_UNUSED_VARIABLE = YES;
				IPHONEOS_DEPLOYMENT_TARGET = 16.2;
				MTL_ENABLE_DEBUG_INFO = INCLUDE_SOURCE;
				MTL_FAST_MATH = YES;
				ONLY_ACTIVE_ARCH = YES;
				SDKROOT = iphoneos;
				SWIFT_ACTIVE_COMPILATION_CONDITIONS = DEBUG;
				SWIFT_OPTIMIZATION_LEVEL = "-Onone";
			};
			name = Debug;
		};
		1918C0CA2996AAA500074098 /* Release */ = {
			isa = XCBuildConfiguration;
			buildSettings = {
				ALWAYS_SEARCH_USER_PATHS = NO;
				CLANG_ANALYZER_NONNULL = YES;
				CLANG_ANALYZER_NUMBER_OBJECT_CONVERSION = YES_AGGRESSIVE;
				CLANG_CXX_LANGUAGE_STANDARD = "gnu++20";
				CLANG_ENABLE_MODULES = YES;
				CLANG_ENABLE_OBJC_ARC = YES;
				CLANG_ENABLE_OBJC_WEAK = YES;
				CLANG_WARN_BLOCK_CAPTURE_AUTORELEASING = YES;
				CLANG_WARN_BOOL_CONVERSION = YES;
				CLANG_WARN_COMMA = YES;
				CLANG_WARN_CONSTANT_CONVERSION = YES;
				CLANG_WARN_DEPRECATED_OBJC_IMPLEMENTATIONS = YES;
				CLANG_WARN_DIRECT_OBJC_ISA_USAGE = YES_ERROR;
				CLANG_WARN_DOCUMENTATION_COMMENTS = YES;
				CLANG_WARN_EMPTY_BODY = YES;
				CLANG_WARN_ENUM_CONVERSION = YES;
				CLANG_WARN_INFINITE_RECURSION = YES;
				CLANG_WARN_INT_CONVERSION = YES;
				CLANG_WARN_NON_LITERAL_NULL_CONVERSION = YES;
				CLANG_WARN_OBJC_IMPLICIT_RETAIN_SELF = YES;
				CLANG_WARN_OBJC_LITERAL_CONVERSION = YES;
				CLANG_WARN_OBJC_ROOT_CLASS = YES_ERROR;
				CLANG_WARN_QUOTED_INCLUDE_IN_FRAMEWORK_HEADER = YES;
				CLANG_WARN_RANGE_LOOP_ANALYSIS = YES;
				CLANG_WARN_STRICT_PROTOTYPES = YES;
				CLANG_WARN_SUSPICIOUS_MOVE = YES;
				CLANG_WARN_UNGUARDED_AVAILABILITY = YES_AGGRESSIVE;
				CLANG_WARN_UNREACHABLE_CODE = YES;
				CLANG_WARN__DUPLICATE_METHOD_MATCH = YES;
				COPY_PHASE_STRIP = NO;
				DEBUG_INFORMATION_FORMAT = "dwarf-with-dsym";
				ENABLE_NS_ASSERTIONS = NO;
				ENABLE_STRICT_OBJC_MSGSEND = YES;
				GCC_C_LANGUAGE_STANDARD = gnu11;
				GCC_NO_COMMON_BLOCKS = YES;
				GCC_WARN_64_TO_32_BIT_CONVERSION = YES;
				GCC_WARN_ABOUT_RETURN_TYPE = YES_ERROR;
				GCC_WARN_UNDECLARED_SELECTOR = YES;
				GCC_WARN_UNINITIALIZED_AUTOS = YES_AGGRESSIVE;
				GCC_WARN_UNUSED_FUNCTION = YES;
				GCC_WARN_UNUSED_VARIABLE = YES;
				IPHONEOS_DEPLOYMENT_TARGET = 16.2;
				MTL_ENABLE_DEBUG_INFO = NO;
				MTL_FAST_MATH = YES;
				SDKROOT = iphoneos;
				SWIFT_COMPILATION_MODE = wholemodule;
				SWIFT_OPTIMIZATION_LEVEL = "-O";
				VALIDATE_PRODUCT = YES;
			};
			name = Release;
		};
		1918C0CC2996AAA500074098 /* Debug */ = {
			isa = XCBuildConfiguration;
			buildSettings = {
				ASSETCATALOG_COMPILER_APPICON_NAME = AppIcon;
				ASSETCATALOG_COMPILER_GLOBAL_ACCENT_COLOR_NAME = AccentColor;
				CODE_SIGN_STYLE = Automatic;
				CURRENT_PROJECT_VERSION = 1;
				DEVELOPMENT_TEAM = RE9892F24F;
				GENERATE_INFOPLIST_FILE = YES;
				INFOPLIST_FILE = iDonateAlertSample/Info.plist;
				INFOPLIST_KEY_UIApplicationSupportsIndirectInputEvents = YES;
				INFOPLIST_KEY_UILaunchStoryboardName = LaunchScreen;
				INFOPLIST_KEY_UIMainStoryboardFile = Main;
				INFOPLIST_KEY_UISupportedInterfaceOrientations_iPad = "UIInterfaceOrientationPortrait UIInterfaceOrientationPortraitUpsideDown UIInterfaceOrientationLandscapeLeft UIInterfaceOrientationLandscapeRight";
				INFOPLIST_KEY_UISupportedInterfaceOrientations_iPhone = "UIInterfaceOrientationPortrait UIInterfaceOrientationLandscapeLeft UIInterfaceOrientationLandscapeRight";
				LD_RUNPATH_SEARCH_PATHS = (
					"$(inherited)",
					"@executable_path/Frameworks",
				);
				MARKETING_VERSION = 1.0;
				PRODUCT_BUNDLE_IDENTIFIER = com.mobven.ios.iDonateAlertSample;
				PRODUCT_NAME = "$(TARGET_NAME)";
				SWIFT_EMIT_LOC_STRINGS = YES;
				SWIFT_VERSION = 5.0;
				TARGETED_DEVICE_FAMILY = "1,2";
			};
			name = Debug;
		};
		1918C0CD2996AAA500074098 /* Release */ = {
			isa = XCBuildConfiguration;
			buildSettings = {
				ASSETCATALOG_COMPILER_APPICON_NAME = AppIcon;
				ASSETCATALOG_COMPILER_GLOBAL_ACCENT_COLOR_NAME = AccentColor;
				CODE_SIGN_STYLE = Automatic;
				CURRENT_PROJECT_VERSION = 1;
				DEVELOPMENT_TEAM = RE9892F24F;
				GENERATE_INFOPLIST_FILE = YES;
				INFOPLIST_FILE = iDonateAlertSample/Info.plist;
				INFOPLIST_KEY_UIApplicationSupportsIndirectInputEvents = YES;
				INFOPLIST_KEY_UILaunchStoryboardName = LaunchScreen;
				INFOPLIST_KEY_UIMainStoryboardFile = Main;
				INFOPLIST_KEY_UISupportedInterfaceOrientations_iPad = "UIInterfaceOrientationPortrait UIInterfaceOrientationPortraitUpsideDown UIInterfaceOrientationLandscapeLeft UIInterfaceOrientationLandscapeRight";
				INFOPLIST_KEY_UISupportedInterfaceOrientations_iPhone = "UIInterfaceOrientationPortrait UIInterfaceOrientationLandscapeLeft UIInterfaceOrientationLandscapeRight";
				LD_RUNPATH_SEARCH_PATHS = (
					"$(inherited)",
					"@executable_path/Frameworks",
				);
				MARKETING_VERSION = 1.0;
				PRODUCT_BUNDLE_IDENTIFIER = com.mobven.ios.iDonateAlertSample;
				PRODUCT_NAME = "$(TARGET_NAME)";
				SWIFT_EMIT_LOC_STRINGS = YES;
				SWIFT_VERSION = 5.0;
				TARGETED_DEVICE_FAMILY = "1,2";
			};
			name = Release;
		};
/* End XCBuildConfiguration section */

/* Begin XCConfigurationList section */
		1918C0B22996AAA500074098 /* Build configuration list for PBXProject "iDonateAlertSample" */ = {
			isa = XCConfigurationList;
			buildConfigurations = (
				1918C0C92996AAA500074098 /* Debug */,
				1918C0CA2996AAA500074098 /* Release */,
			);
			defaultConfigurationIsVisible = 0;
			defaultConfigurationName = Release;
		};
		1918C0CB2996AAA500074098 /* Build configuration list for PBXNativeTarget "iDonateAlertSample" */ = {
			isa = XCConfigurationList;
			buildConfigurations = (
				1918C0CC2996AAA500074098 /* Debug */,
				1918C0CD2996AAA500074098 /* Release */,
			);
			defaultConfigurationIsVisible = 0;
			defaultConfigurationName = Release;
		};
/* End XCConfigurationList section */

/* Begin XCSwiftPackageProductDependency section */
		1918C0D12996ABA400074098 /* iDonateAlert */ = {
			isa = XCSwiftPackageProductDependency;
			productName = iDonateAlert;
		};
/* End XCSwiftPackageProductDependency section */
	};
	rootObject = 1918C0AF2996AAA500074098 /* Project object */;
}
